// !$*UTF8*$!
{
	archiveVersion = 1;
	classes = {
	};
	objectVersion = 50;
	objects = {

/* Begin PBXBuildFile section */
		720B358325F60D81006EC295 /* AppDelegate.swift in Sources */ = {isa = PBXBuildFile; fileRef = 720B358225F60D81006EC295 /* AppDelegate.swift */; };
		720B358525F60D81006EC295 /* SceneDelegate.swift in Sources */ = {isa = PBXBuildFile; fileRef = 720B358425F60D81006EC295 /* SceneDelegate.swift */; };
		720B358725F60D81006EC295 /* ViewController.swift in Sources */ = {isa = PBXBuildFile; fileRef = 720B358625F60D81006EC295 /* ViewController.swift */; };
		720B358A25F60D81006EC295 /* Main.storyboard in Resources */ = {isa = PBXBuildFile; fileRef = 720B358825F60D81006EC295 /* Main.storyboard */; };
		720B358C25F60D83006EC295 /* Assets.xcassets in Resources */ = {isa = PBXBuildFile; fileRef = 720B358B25F60D83006EC295 /* Assets.xcassets */; };
		720B358F25F60D83006EC295 /* LaunchScreen.storyboard in Resources */ = {isa = PBXBuildFile; fileRef = 720B358D25F60D83006EC295 /* LaunchScreen.storyboard */; };
		720B359A25F60D83006EC295 /* TestingFastlaneVer3Tests.swift in Sources */ = {isa = PBXBuildFile; fileRef = 720B359925F60D83006EC295 /* TestingFastlaneVer3Tests.swift */; };
		720B35A525F60D83006EC295 /* TestingFastlaneVer3UITests.swift in Sources */ = {isa = PBXBuildFile; fileRef = 720B35A425F60D83006EC295 /* TestingFastlaneVer3UITests.swift */; };
/* End PBXBuildFile section */

/* Begin PBXContainerItemProxy section */
		720B359625F60D83006EC295 /* PBXContainerItemProxy */ = {
			isa = PBXContainerItemProxy;
			containerPortal = 720B357725F60D81006EC295 /* Project object */;
			proxyType = 1;
			remoteGlobalIDString = 720B357E25F60D81006EC295;
			remoteInfo = TestingFastlaneVer3;
		};
		720B35A125F60D83006EC295 /* PBXContainerItemProxy */ = {
			isa = PBXContainerItemProxy;
			containerPortal = 720B357725F60D81006EC295 /* Project object */;
			proxyType = 1;
			remoteGlobalIDString = 720B357E25F60D81006EC295;
			remoteInfo = TestingFastlaneVer3;
		};
/* End PBXContainerItemProxy section */

/* Begin PBXFileReference section */
		720B357F25F60D81006EC295 /* TestingFastlaneVer3.app */ = {isa = PBXFileReference; explicitFileType = wrapper.application; includeInIndex = 0; path = TestingFastlaneVer3.app; sourceTree = BUILT_PRODUCTS_DIR; };
		720B358225F60D81006EC295 /* AppDelegate.swift */ = {isa = PBXFileReference; lastKnownFileType = sourcecode.swift; path = AppDelegate.swift; sourceTree = "<group>"; };
		720B358425F60D81006EC295 /* SceneDelegate.swift */ = {isa = PBXFileReference; lastKnownFileType = sourcecode.swift; path = SceneDelegate.swift; sourceTree = "<group>"; };
		720B358625F60D81006EC295 /* ViewController.swift */ = {isa = PBXFileReference; lastKnownFileType = sourcecode.swift; path = ViewController.swift; sourceTree = "<group>"; };
		720B358925F60D81006EC295 /* Base */ = {isa = PBXFileReference; lastKnownFileType = file.storyboard; name = Base; path = Base.lproj/Main.storyboard; sourceTree = "<group>"; };
		720B358B25F60D83006EC295 /* Assets.xcassets */ = {isa = PBXFileReference; lastKnownFileType = folder.assetcatalog; path = Assets.xcassets; sourceTree = "<group>"; };
		720B358E25F60D83006EC295 /* Base */ = {isa = PBXFileReference; lastKnownFileType = file.storyboard; name = Base; path = Base.lproj/LaunchScreen.storyboard; sourceTree = "<group>"; };
		720B359025F60D83006EC295 /* Info.plist */ = {isa = PBXFileReference; lastKnownFileType = text.plist.xml; path = Info.plist; sourceTree = "<group>"; };
		720B359525F60D83006EC295 /* TestingFastlaneVer3Tests.xctest */ = {isa = PBXFileReference; explicitFileType = wrapper.cfbundle; includeInIndex = 0; path = TestingFastlaneVer3Tests.xctest; sourceTree = BUILT_PRODUCTS_DIR; };
		720B359925F60D83006EC295 /* TestingFastlaneVer3Tests.swift */ = {isa = PBXFileReference; lastKnownFileType = sourcecode.swift; path = TestingFastlaneVer3Tests.swift; sourceTree = "<group>"; };
		720B359B25F60D83006EC295 /* Info.plist */ = {isa = PBXFileReference; lastKnownFileType = text.plist.xml; path = Info.plist; sourceTree = "<group>"; };
		720B35A025F60D83006EC295 /* TestingFastlaneVer3UITests.xctest */ = {isa = PBXFileReference; explicitFileType = wrapper.cfbundle; includeInIndex = 0; path = TestingFastlaneVer3UITests.xctest; sourceTree = BUILT_PRODUCTS_DIR; };
		720B35A425F60D83006EC295 /* TestingFastlaneVer3UITests.swift */ = {isa = PBXFileReference; lastKnownFileType = sourcecode.swift; path = TestingFastlaneVer3UITests.swift; sourceTree = "<group>"; };
		720B35A625F60D83006EC295 /* Info.plist */ = {isa = PBXFileReference; lastKnownFileType = text.plist.xml; path = Info.plist; sourceTree = "<group>"; };
/* End PBXFileReference section */

/* Begin PBXFrameworksBuildPhase section */
		720B357C25F60D81006EC295 /* Frameworks */ = {
			isa = PBXFrameworksBuildPhase;
			buildActionMask = 2147483647;
			files = (
			);
			runOnlyForDeploymentPostprocessing = 0;
		};
		720B359225F60D83006EC295 /* Frameworks */ = {
			isa = PBXFrameworksBuildPhase;
			buildActionMask = 2147483647;
			files = (
			);
			runOnlyForDeploymentPostprocessing = 0;
		};
		720B359D25F60D83006EC295 /* Frameworks */ = {
			isa = PBXFrameworksBuildPhase;
			buildActionMask = 2147483647;
			files = (
			);
			runOnlyForDeploymentPostprocessing = 0;
		};
/* End PBXFrameworksBuildPhase section */

/* Begin PBXGroup section */
		720B357625F60D81006EC295 = {
			isa = PBXGroup;
			children = (
				720B358125F60D81006EC295 /* TestingFastlaneVer3 */,
				720B359825F60D83006EC295 /* TestingFastlaneVer3Tests */,
				720B35A325F60D83006EC295 /* TestingFastlaneVer3UITests */,
				720B358025F60D81006EC295 /* Products */,
			);
			sourceTree = "<group>";
		};
		720B358025F60D81006EC295 /* Products */ = {
			isa = PBXGroup;
			children = (
				720B357F25F60D81006EC295 /* TestingFastlaneVer3.app */,
				720B359525F60D83006EC295 /* TestingFastlaneVer3Tests.xctest */,
				720B35A025F60D83006EC295 /* TestingFastlaneVer3UITests.xctest */,
			);
			name = Products;
			sourceTree = "<group>";
		};
		720B358125F60D81006EC295 /* TestingFastlaneVer3 */ = {
			isa = PBXGroup;
			children = (
				720B358225F60D81006EC295 /* AppDelegate.swift */,
				720B358425F60D81006EC295 /* SceneDelegate.swift */,
				720B358625F60D81006EC295 /* ViewController.swift */,
				720B358825F60D81006EC295 /* Main.storyboard */,
				720B358B25F60D83006EC295 /* Assets.xcassets */,
				720B358D25F60D83006EC295 /* LaunchScreen.storyboard */,
				720B359025F60D83006EC295 /* Info.plist */,
			);
			path = TestingFastlaneVer3;
			sourceTree = "<group>";
		};
		720B359825F60D83006EC295 /* TestingFastlaneVer3Tests */ = {
			isa = PBXGroup;
			children = (
				720B359925F60D83006EC295 /* TestingFastlaneVer3Tests.swift */,
				720B359B25F60D83006EC295 /* Info.plist */,
			);
			path = TestingFastlaneVer3Tests;
			sourceTree = "<group>";
		};
		720B35A325F60D83006EC295 /* TestingFastlaneVer3UITests */ = {
			isa = PBXGroup;
			children = (
				720B35A425F60D83006EC295 /* TestingFastlaneVer3UITests.swift */,
				720B35A625F60D83006EC295 /* Info.plist */,
			);
			path = TestingFastlaneVer3UITests;
			sourceTree = "<group>";
		};
/* End PBXGroup section */

/* Begin PBXNativeTarget section */
		720B357E25F60D81006EC295 /* TestingFastlaneVer3 */ = {
			isa = PBXNativeTarget;
			buildConfigurationList = 720B35A925F60D83006EC295 /* Build configuration list for PBXNativeTarget "TestingFastlaneVer3" */;
			buildPhases = (
				720B357B25F60D81006EC295 /* Sources */,
				720B357C25F60D81006EC295 /* Frameworks */,
				720B357D25F60D81006EC295 /* Resources */,
			);
			buildRules = (
			);
			dependencies = (
			);
			name = TestingFastlaneVer3;
			productName = TestingFastlaneVer3;
			productReference = 720B357F25F60D81006EC295 /* TestingFastlaneVer3.app */;
			productType = "com.apple.product-type.application";
		};
		720B359425F60D83006EC295 /* TestingFastlaneVer3Tests */ = {
			isa = PBXNativeTarget;
			buildConfigurationList = 720B35AC25F60D83006EC295 /* Build configuration list for PBXNativeTarget "TestingFastlaneVer3Tests" */;
			buildPhases = (
				720B359125F60D83006EC295 /* Sources */,
				720B359225F60D83006EC295 /* Frameworks */,
				720B359325F60D83006EC295 /* Resources */,
			);
			buildRules = (
			);
			dependencies = (
				720B359725F60D83006EC295 /* PBXTargetDependency */,
			);
			name = TestingFastlaneVer3Tests;
			productName = TestingFastlaneVer3Tests;
			productReference = 720B359525F60D83006EC295 /* TestingFastlaneVer3Tests.xctest */;
			productType = "com.apple.product-type.bundle.unit-test";
		};
		720B359F25F60D83006EC295 /* TestingFastlaneVer3UITests */ = {
			isa = PBXNativeTarget;
			buildConfigurationList = 720B35AF25F60D83006EC295 /* Build configuration list for PBXNativeTarget "TestingFastlaneVer3UITests" */;
			buildPhases = (
				720B359C25F60D83006EC295 /* Sources */,
				720B359D25F60D83006EC295 /* Frameworks */,
				720B359E25F60D83006EC295 /* Resources */,
			);
			buildRules = (
			);
			dependencies = (
				720B35A225F60D83006EC295 /* PBXTargetDependency */,
			);
			name = TestingFastlaneVer3UITests;
			productName = TestingFastlaneVer3UITests;
			productReference = 720B35A025F60D83006EC295 /* TestingFastlaneVer3UITests.xctest */;
			productType = "com.apple.product-type.bundle.ui-testing";
		};
/* End PBXNativeTarget section */

/* Begin PBXProject section */
		720B357725F60D81006EC295 /* Project object */ = {
			isa = PBXProject;
			attributes = {
				LastSwiftUpdateCheck = 1240;
				LastUpgradeCheck = 1240;
				TargetAttributes = {
					720B357E25F60D81006EC295 = {
						CreatedOnToolsVersion = 12.4;
					};
					720B359425F60D83006EC295 = {
						CreatedOnToolsVersion = 12.4;
						TestTargetID = 720B357E25F60D81006EC295;
					};
					720B359F25F60D83006EC295 = {
						CreatedOnToolsVersion = 12.4;
						TestTargetID = 720B357E25F60D81006EC295;
					};
				};
			};
			buildConfigurationList = 720B357A25F60D81006EC295 /* Build configuration list for PBXProject "TestingFastlaneVer3" */;
			compatibilityVersion = "Xcode 9.3";
			developmentRegion = en;
			hasScannedForEncodings = 0;
			knownRegions = (
				en,
				Base,
			);
			mainGroup = 720B357625F60D81006EC295;
			productRefGroup = 720B358025F60D81006EC295 /* Products */;
			projectDirPath = "";
			projectRoot = "";
			targets = (
				720B357E25F60D81006EC295 /* TestingFastlaneVer3 */,
				720B359425F60D83006EC295 /* TestingFastlaneVer3Tests */,
				720B359F25F60D83006EC295 /* TestingFastlaneVer3UITests */,
			);
		};
/* End PBXProject section */

/* Begin PBXResourcesBuildPhase section */
		720B357D25F60D81006EC295 /* Resources */ = {
			isa = PBXResourcesBuildPhase;
			buildActionMask = 2147483647;
			files = (
				720B358F25F60D83006EC295 /* LaunchScreen.storyboard in Resources */,
				720B358C25F60D83006EC295 /* Assets.xcassets in Resources */,
				720B358A25F60D81006EC295 /* Main.storyboard in Resources */,
			);
			runOnlyForDeploymentPostprocessing = 0;
		};
		720B359325F60D83006EC295 /* Resources */ = {
			isa = PBXResourcesBuildPhase;
			buildActionMask = 2147483647;
			files = (
			);
			runOnlyForDeploymentPostprocessing = 0;
		};
		720B359E25F60D83006EC295 /* Resources */ = {
			isa = PBXResourcesBuildPhase;
			buildActionMask = 2147483647;
			files = (
			);
			runOnlyForDeploymentPostprocessing = 0;
		};
/* End PBXResourcesBuildPhase section */

/* Begin PBXSourcesBuildPhase section */
		720B357B25F60D81006EC295 /* Sources */ = {
			isa = PBXSourcesBuildPhase;
			buildActionMask = 2147483647;
			files = (
				720B358725F60D81006EC295 /* ViewController.swift in Sources */,
				720B358325F60D81006EC295 /* AppDelegate.swift in Sources */,
				720B358525F60D81006EC295 /* SceneDelegate.swift in Sources */,
			);
			runOnlyForDeploymentPostprocessing = 0;
		};
		720B359125F60D83006EC295 /* Sources */ = {
			isa = PBXSourcesBuildPhase;
			buildActionMask = 2147483647;
			files = (
				720B359A25F60D83006EC295 /* TestingFastlaneVer3Tests.swift in Sources */,
			);
			runOnlyForDeploymentPostprocessing = 0;
		};
		720B359C25F60D83006EC295 /* Sources */ = {
			isa = PBXSourcesBuildPhase;
			buildActionMask = 2147483647;
			files = (
				720B35A525F60D83006EC295 /* TestingFastlaneVer3UITests.swift in Sources */,
			);
			runOnlyForDeploymentPostprocessing = 0;
		};
/* End PBXSourcesBuildPhase section */

/* Begin PBXTargetDependency section */
		720B359725F60D83006EC295 /* PBXTargetDependency */ = {
			isa = PBXTargetDependency;
			target = 720B357E25F60D81006EC295 /* TestingFastlaneVer3 */;
			targetProxy = 720B359625F60D83006EC295 /* PBXContainerItemProxy */;
		};
		720B35A225F60D83006EC295 /* PBXTargetDependency */ = {
			isa = PBXTargetDependency;
			target = 720B357E25F60D81006EC295 /* TestingFastlaneVer3 */;
			targetProxy = 720B35A125F60D83006EC295 /* PBXContainerItemProxy */;
		};
/* End PBXTargetDependency section */

/* Begin PBXVariantGroup section */
		720B358825F60D81006EC295 /* Main.storyboard */ = {
			isa = PBXVariantGroup;
			children = (
				720B358925F60D81006EC295 /* Base */,
			);
			name = Main.storyboard;
			sourceTree = "<group>";
		};
		720B358D25F60D83006EC295 /* LaunchScreen.storyboard */ = {
			isa = PBXVariantGroup;
			children = (
				720B358E25F60D83006EC295 /* Base */,
			);
			name = LaunchScreen.storyboard;
			sourceTree = "<group>";
		};
/* End PBXVariantGroup section */

/* Begin XCBuildConfiguration section */
		720B35A725F60D83006EC295 /* Debug */ = {
			isa = XCBuildConfiguration;
			buildSettings = {
				ALWAYS_SEARCH_USER_PATHS = NO;
				CLANG_ANALYZER_NONNULL = YES;
				CLANG_ANALYZER_NUMBER_OBJECT_CONVERSION = YES_AGGRESSIVE;
				CLANG_CXX_LANGUAGE_STANDARD = "gnu++14";
				CLANG_CXX_LIBRARY = "libc++";
				CLANG_ENABLE_MODULES = YES;
				CLANG_ENABLE_OBJC_ARC = YES;
				CLANG_ENABLE_OBJC_WEAK = YES;
				CLANG_WARN_BLOCK_CAPTURE_AUTORELEASING = YES;
				CLANG_WARN_BOOL_CONVERSION = YES;
				CLANG_WARN_COMMA = YES;
				CLANG_WARN_CONSTANT_CONVERSION = YES;
				CLANG_WARN_DEPRECATED_OBJC_IMPLEMENTATIONS = YES;
				CLANG_WARN_DIRECT_OBJC_ISA_USAGE = YES_ERROR;
				CLANG_WARN_DOCUMENTATION_COMMENTS = YES;
				CLANG_WARN_EMPTY_BODY = YES;
				CLANG_WARN_ENUM_CONVERSION = YES;
				CLANG_WARN_INFINITE_RECURSION = YES;
				CLANG_WARN_INT_CONVERSION = YES;
				CLANG_WARN_NON_LITERAL_NULL_CONVERSION = YES;
				CLANG_WARN_OBJC_IMPLICIT_RETAIN_SELF = YES;
				CLANG_WARN_OBJC_LITERAL_CONVERSION = YES;
				CLANG_WARN_OBJC_ROOT_CLASS = YES_ERROR;
				CLANG_WARN_QUOTED_INCLUDE_IN_FRAMEWORK_HEADER = YES;
				CLANG_WARN_RANGE_LOOP_ANALYSIS = YES;
				CLANG_WARN_STRICT_PROTOTYPES = YES;
				CLANG_WARN_SUSPICIOUS_MOVE = YES;
				CLANG_WARN_UNGUARDED_AVAILABILITY = YES_AGGRESSIVE;
				CLANG_WARN_UNREACHABLE_CODE = YES;
				CLANG_WARN__DUPLICATE_METHOD_MATCH = YES;
				COPY_PHASE_STRIP = NO;
				DEBUG_INFORMATION_FORMAT = dwarf;
				ENABLE_STRICT_OBJC_MSGSEND = YES;
				ENABLE_TESTABILITY = YES;
				GCC_C_LANGUAGE_STANDARD = gnu11;
				GCC_DYNAMIC_NO_PIC = NO;
				GCC_NO_COMMON_BLOCKS = YES;
				GCC_OPTIMIZATION_LEVEL = 0;
				GCC_PREPROCESSOR_DEFINITIONS = (
					"DEBUG=1",
					"$(inherited)",
				);
				GCC_WARN_64_TO_32_BIT_CONVERSION = YES;
				GCC_WARN_ABOUT_RETURN_TYPE = YES_ERROR;
				GCC_WARN_UNDECLARED_SELECTOR = YES;
				GCC_WARN_UNINITIALIZED_AUTOS = YES_AGGRESSIVE;
				GCC_WARN_UNUSED_FUNCTION = YES;
				GCC_WARN_UNUSED_VARIABLE = YES;
				IPHONEOS_DEPLOYMENT_TARGET = 14.4;
				MTL_ENABLE_DEBUG_INFO = INCLUDE_SOURCE;
				MTL_FAST_MATH = YES;
				ONLY_ACTIVE_ARCH = YES;
				SDKROOT = iphoneos;
				SWIFT_ACTIVE_COMPILATION_CONDITIONS = DEBUG;
				SWIFT_OPTIMIZATION_LEVEL = "-Onone";
			};
			name = Debug;
		};
		720B35A825F60D83006EC295 /* Release */ = {
			isa = XCBuildConfiguration;
			buildSettings = {
				ALWAYS_SEARCH_USER_PATHS = NO;
				CLANG_ANALYZER_NONNULL = YES;
				CLANG_ANALYZER_NUMBER_OBJECT_CONVERSION = YES_AGGRESSIVE;
				CLANG_CXX_LANGUAGE_STANDARD = "gnu++14";
				CLANG_CXX_LIBRARY = "libc++";
				CLANG_ENABLE_MODULES = YES;
				CLANG_ENABLE_OBJC_ARC = YES;
				CLANG_ENABLE_OBJC_WEAK = YES;
				CLANG_WARN_BLOCK_CAPTURE_AUTORELEASING = YES;
				CLANG_WARN_BOOL_CONVERSION = YES;
				CLANG_WARN_COMMA = YES;
				CLANG_WARN_CONSTANT_CONVERSION = YES;
				CLANG_WARN_DEPRECATED_OBJC_IMPLEMENTATIONS = YES;
				CLANG_WARN_DIRECT_OBJC_ISA_USAGE = YES_ERROR;
				CLANG_WARN_DOCUMENTATION_COMMENTS = YES;
				CLANG_WARN_EMPTY_BODY = YES;
				CLANG_WARN_ENUM_CONVERSION = YES;
				CLANG_WARN_INFINITE_RECURSION = YES;
				CLANG_WARN_INT_CONVERSION = YES;
				CLANG_WARN_NON_LITERAL_NULL_CONVERSION = YES;
				CLANG_WARN_OBJC_IMPLICIT_RETAIN_SELF = YES;
				CLANG_WARN_OBJC_LITERAL_CONVERSION = YES;
				CLANG_WARN_OBJC_ROOT_CLASS = YES_ERROR;
				CLANG_WARN_QUOTED_INCLUDE_IN_FRAMEWORK_HEADER = YES;
				CLANG_WARN_RANGE_LOOP_ANALYSIS = YES;
				CLANG_WARN_STRICT_PROTOTYPES = YES;
				CLANG_WARN_SUSPICIOUS_MOVE = YES;
				CLANG_WARN_UNGUARDED_AVAILABILITY = YES_AGGRESSIVE;
				CLANG_WARN_UNREACHABLE_CODE = YES;
				CLANG_WARN__DUPLICATE_METHOD_MATCH = YES;
				COPY_PHASE_STRIP = NO;
				DEBUG_INFORMATION_FORMAT = "dwarf-with-dsym";
				ENABLE_NS_ASSERTIONS = NO;
				ENABLE_STRICT_OBJC_MSGSEND = YES;
				GCC_C_LANGUAGE_STANDARD = gnu11;
				GCC_NO_COMMON_BLOCKS = YES;
				GCC_WARN_64_TO_32_BIT_CONVERSION = YES;
				GCC_WARN_ABOUT_RETURN_TYPE = YES_ERROR;
				GCC_WARN_UNDECLARED_SELECTOR = YES;
				GCC_WARN_UNINITIALIZED_AUTOS = YES_AGGRESSIVE;
				GCC_WARN_UNUSED_FUNCTION = YES;
				GCC_WARN_UNUSED_VARIABLE = YES;
				IPHONEOS_DEPLOYMENT_TARGET = 14.4;
				MTL_ENABLE_DEBUG_INFO = NO;
				MTL_FAST_MATH = YES;
				SDKROOT = iphoneos;
				SWIFT_COMPILATION_MODE = wholemodule;
				SWIFT_OPTIMIZATION_LEVEL = "-O";
				VALIDATE_PRODUCT = YES;
			};
			name = Release;
		};
		720B35AA25F60D83006EC295 /* Debug */ = {
			isa = XCBuildConfiguration;
			buildSettings = {
				ASSETCATALOG_COMPILER_APPICON_NAME = AppIcon;
				ASSETCATALOG_COMPILER_GLOBAL_ACCENT_COLOR_NAME = AccentColor;
				CODE_SIGN_STYLE = Automatic;
				DEVELOPMENT_TEAM = SKP2278HX7;
				INFOPLIST_FILE = TestingFastlaneVer3/Info.plist;
				LD_RUNPATH_SEARCH_PATHS = (
					"$(inherited)",
					"@executable_path/Frameworks",
				);
				PRODUCT_BUNDLE_IDENTIFIER = com.gumi.TestingFastlaneVer3;
				PRODUCT_NAME = "$(TARGET_NAME)";
				SWIFT_VERSION = 5.0;
				TARGETED_DEVICE_FAMILY = "1,2";
			};
			name = Debug;
		};
		720B35AB25F60D83006EC295 /* Release */ = {
			isa = XCBuildConfiguration;
			buildSettings = {
				ASSETCATALOG_COMPILER_APPICON_NAME = AppIcon;
				ASSETCATALOG_COMPILER_GLOBAL_ACCENT_COLOR_NAME = AccentColor;
				CODE_SIGN_STYLE = Automatic;
				DEVELOPMENT_TEAM = SKP2278HX7;
				INFOPLIST_FILE = TestingFastlaneVer3/Info.plist;
				LD_RUNPATH_SEARCH_PATHS = (
					"$(inherited)",
					"@executable_path/Frameworks",
				);
				PRODUCT_BUNDLE_IDENTIFIER = com.gumi.TestingFastlaneVer3;
				PRODUCT_NAME = "$(TARGET_NAME)";
				SWIFT_VERSION = 5.0;
				TARGETED_DEVICE_FAMILY = "1,2";
			};
			name = Release;
		};
		720B35AD25F60D83006EC295 /* Debug */ = {
			isa = XCBuildConfiguration;
			buildSettings = {
				ALWAYS_EMBED_SWIFT_STANDARD_LIBRARIES = YES;
				BUNDLE_LOADER = "$(TEST_HOST)";
				CODE_SIGN_STYLE = Automatic;
				DEVELOPMENT_TEAM = SKP2278HX7;
				INFOPLIST_FILE = TestingFastlaneVer3Tests/Info.plist;
				IPHONEOS_DEPLOYMENT_TARGET = 14.4;
				LD_RUNPATH_SEARCH_PATHS = (
					"$(inherited)",
					"@executable_path/Frameworks",
					"@loader_path/Frameworks",
				);
				PRODUCT_BUNDLE_IDENTIFIER = com.gumi.TestingFastlaneVer3Tests;
				PRODUCT_NAME = "$(TARGET_NAME)";
				SWIFT_VERSION = 5.0;
				TARGETED_DEVICE_FAMILY = "1,2";
				TEST_HOST = "$(BUILT_PRODUCTS_DIR)/TestingFastlaneVer3.app/TestingFastlaneVer3";
			};
			name = Debug;
		};
		720B35AE25F60D83006EC295 /* Release */ = {
			isa = XCBuildConfiguration;
			buildSettings = {
				ALWAYS_EMBED_SWIFT_STANDARD_LIBRARIES = YES;
				BUNDLE_LOADER = "$(TEST_HOST)";
				CODE_SIGN_STYLE = Automatic;
				DEVELOPMENT_TEAM = SKP2278HX7;
				INFOPLIST_FILE = TestingFastlaneVer3Tests/Info.plist;
				IPHONEOS_DEPLOYMENT_TARGET = 14.4;
				LD_RUNPATH_SEARCH_PATHS = (
					"$(inherited)",
					"@executable_path/Frameworks",
					"@loader_path/Frameworks",
				);
				PRODUCT_BUNDLE_IDENTIFIER = com.gumi.TestingFastlaneVer3Tests;
				PRODUCT_NAME = "$(TARGET_NAME)";
				SWIFT_VERSION = 5.0;
				TARGETED_DEVICE_FAMILY = "1,2";
				TEST_HOST = "$(BUILT_PRODUCTS_DIR)/TestingFastlaneVer3.app/TestingFastlaneVer3";
			};
			name = Release;
		};
		720B35B025F60D83006EC295 /* Debug */ = {
			isa = XCBuildConfiguration;
			buildSettings = {
				ALWAYS_EMBED_SWIFT_STANDARD_LIBRARIES = YES;
				CODE_SIGN_STYLE = Automatic;
				DEVELOPMENT_TEAM = SKP2278HX7;
				INFOPLIST_FILE = TestingFastlaneVer3UITests/Info.plist;
				LD_RUNPATH_SEARCH_PATHS = (
					"$(inherited)",
					"@executable_path/Frameworks",
					"@loader_path/Frameworks",
				);
				PRODUCT_BUNDLE_IDENTIFIER = com.gumi.TestingFastlaneVer3UITests;
				PRODUCT_NAME = "$(TARGET_NAME)";
				SWIFT_VERSION = 5.0;
				TARGETED_DEVICE_FAMILY = "1,2";
				TEST_TARGET_NAME = TestingFastlaneVer3;
			};
			name = Debug;
		};
		720B35B125F60D83006EC295 /* Release */ = {
			isa = XCBuildConfiguration;
			buildSettings = {
				ALWAYS_EMBED_SWIFT_STANDARD_LIBRARIES = YES;
				CODE_SIGN_STYLE = Automatic;
				DEVELOPMENT_TEAM = SKP2278HX7;
				INFOPLIST_FILE = TestingFastlaneVer3UITests/Info.plist;
				LD_RUNPATH_SEARCH_PATHS = (
					"$(inherited)",
					"@executable_path/Frameworks",
					"@loader_path/Frameworks",
				);
				PRODUCT_BUNDLE_IDENTIFIER = com.gumi.TestingFastlaneVer3UITests;
				PRODUCT_NAME = "$(TARGET_NAME)";
				SWIFT_VERSION = 5.0;
				TARGETED_DEVICE_FAMILY = "1,2";
				TEST_TARGET_NAME = TestingFastlaneVer3;
			};
			name = Release;
		};
/* End XCBuildConfiguration section */

/* Begin XCConfigurationList section */
		720B357A25F60D81006EC295 /* Build configuration list for PBXProject "TestingFastlaneVer3" */ = {
			isa = XCConfigurationList;
			buildConfigurations = (
				720B35A725F60D83006EC295 /* Debug */,
				720B35A825F60D83006EC295 /* Release */,
			);
			defaultConfigurationIsVisible = 0;
			defaultConfigurationName = Release;
		};
		720B35A925F60D83006EC295 /* Build configuration list for PBXNativeTarget "TestingFastlaneVer3" */ = {
			isa = XCConfigurationList;
			buildConfigurations = (
				720B35AA25F60D83006EC295 /* Debug */,
				720B35AB25F60D83006EC295 /* Release */,
			);
			defaultConfigurationIsVisible = 0;
			defaultConfigurationName = Release;
		};
		720B35AC25F60D83006EC295 /* Build configuration list for PBXNativeTarget "TestingFastlaneVer3Tests" */ = {
			isa = XCConfigurationList;
			buildConfigurations = (
				720B35AD25F60D83006EC295 /* Debug */,
				720B35AE25F60D83006EC295 /* Release */,
			);
			defaultConfigurationIsVisible = 0;
			defaultConfigurationName = Release;
		};
		720B35AF25F60D83006EC295 /* Build configuration list for PBXNativeTarget "TestingFastlaneVer3UITests" */ = {
			isa = XCConfigurationList;
			buildConfigurations = (
				720B35B025F60D83006EC295 /* Debug */,
				720B35B125F60D83006EC295 /* Release */,
			);
			defaultConfigurationIsVisible = 0;
			defaultConfigurationName = Release;
		};
/* End XCConfigurationList section */
	};
	rootObject = 720B357725F60D81006EC295 /* Project object */;
}
